
Microsoft Visual Studio Solution File, Format Version 12.00
# Visual Studio Version 17
VisualStudioVersion = 17.8.34525.116
MinimumVisualStudioVersion = 10.0.40219.1
Project("{9A19103F-16F7-4668-BE54-9A1E7A4F7556}") = "EjercitacionMVC", "EjercitacionMVC.csproj", "{403BC536-B1D1-48D2-BF2E-A65D275AA1FE}"
EndProject
Global
	GlobalSection(SolutionConfigurationPlatforms) = preSolution
		Debug|Any CPU = Debug|Any CPU
		Release|Any CPU = Release|Any CPU
	EndGlobalSection
	GlobalSection(ProjectConfigurationPlatforms) = postSolution
		{403BC536-B1D1-48D2-BF2E-A65D275AA1FE}.Debug|Any CPU.ActiveCfg = Debug|Any CPU
		{403BC536-B1D1-48D2-BF2E-A65D275AA1FE}.Debug|Any CPU.Build.0 = Debug|Any CPU
		{403BC536-B1D1-48D2-BF2E-A65D275AA1FE}.Release|Any CPU.ActiveCfg = Release|Any CPU
		{403BC536-B1D1-48D2-BF2E-A65D275AA1FE}.Release|Any CPU.Build.0 = Release|Any CPU
	EndGlobalSection
	GlobalSection(SolutionProperties) = preSolution
		HideSolutionNode = FALSE
	EndGlobalSection
	GlobalSection(ExtensibilityGlobals) = postSolution
		SolutionGuid = {CFA1EA9D-1D5B-438A-BEEA-DFCAD431D91E}
	EndGlobalSection
EndGlobal
